
Microsoft Visual Studio Solution File, Format Version 12.00
# Visual Studio Version 17
VisualStudioVersion = 17.13.35919.96 d17.13
MinimumVisualStudioVersion = 10.0.40219.1
Project("{FAE04EC0-301F-11D3-BF4B-00C04F79EFBC}") = "AIchatbot", "AIchatbot.csproj", "{C284ADC0-0FC4-4FEC-B42E-00708F0AC6E0}"
EndProject
Global
	GlobalSection(SolutionConfigurationPlatforms) = preSolution
		Debug|Any CPU = Debug|Any CPU
		Release|Any CPU = Release|Any CPU
	EndGlobalSection
	GlobalSection(ProjectConfigurationPlatforms) = postSolution
		{C284ADC0-0FC4-4FEC-B42E-00708F0AC6E0}.Debug|Any CPU.ActiveCfg = Debug|Any CPU
		{C284ADC0-0FC4-4FEC-B42E-00708F0AC6E0}.Debug|Any CPU.Build.0 = Debug|Any CPU
		{C284ADC0-0FC4-4FEC-B42E-00708F0AC6E0}.Release|Any CPU.ActiveCfg = Release|Any CPU
		{C284ADC0-0FC4-4FEC-B42E-00708F0AC6E0}.Release|Any CPU.Build.0 = Release|Any CPU
	EndGlobalSection
	GlobalSection(SolutionProperties) = preSolution
		HideSolutionNode = FALSE
	EndGlobalSection
	GlobalSection(ExtensibilityGlobals) = postSolution
		SolutionGuid = {36BE90D7-2F2E-446E-B4D0-87743823C6C7}
	EndGlobalSection
EndGlobal
